
Microsoft Visual Studio Solution File, Format Version 12.00
# Visual Studio 2012
Project("{FAE04EC0-301F-11D3-BF4B-00C04F79EFBC}") = "PhoneMusic.Android", "PhoneMusic.Android\PhoneMusic.Android.csproj", "{624B10DC-8A94-486C-AF75-9516E9EE02C6}"
EndProject
Project("{FAE04EC0-301F-11D3-BF4B-00C04F79EFBC}") = "PhoneMusic.iOS", "PhoneMusic.iOS\PhoneMusic.iOS.csproj", "{6F79D495-FDC1-4328-89E5-6B07FF6B76A6}"
EndProject
Project("{FAE04EC0-301F-11D3-BF4B-00C04F79EFBC}") = "PhoneMusic", "PhoneMusic\PhoneMusic.csproj", "{EBFFF9DC-2B24-4E03-9049-9A36A339926C}"
EndProject
Global
	GlobalSection(SolutionConfigurationPlatforms) = preSolution
		Debug|Any CPU = Debug|Any CPU
		Release|Any CPU = Release|Any CPU
		Debug|iPhoneSimulator = Debug|iPhoneSimulator
		Release|iPhoneSimulator = Release|iPhoneSimulator
		Debug|iPhone = Debug|iPhone
		Release|iPhone = Release|iPhone
		Ad-Hoc|iPhone = Ad-Hoc|iPhone
		AppStore|iPhone = AppStore|iPhone
	EndGlobalSection
	GlobalSection(ProjectConfigurationPlatforms) = postSolution
		{624B10DC-8A94-486C-AF75-9516E9EE02C6}.Debug|Any CPU.ActiveCfg = Debug|Any CPU
		{624B10DC-8A94-486C-AF75-9516E9EE02C6}.Debug|Any CPU.Build.0 = Debug|Any CPU
		{624B10DC-8A94-486C-AF75-9516E9EE02C6}.Release|Any CPU.ActiveCfg = Release|Any CPU
		{624B10DC-8A94-486C-AF75-9516E9EE02C6}.Release|Any CPU.Build.0 = Release|Any CPU
		{624B10DC-8A94-486C-AF75-9516E9EE02C6}.Debug|iPhoneSimulator.ActiveCfg = Debug|Any CPU
		{624B10DC-8A94-486C-AF75-9516E9EE02C6}.Debug|iPhoneSimulator.Build.0 = Debug|Any CPU
		{624B10DC-8A94-486C-AF75-9516E9EE02C6}.Release|iPhoneSimulator.ActiveCfg = Release|Any CPU
		{624B10DC-8A94-486C-AF75-9516E9EE02C6}.Release|iPhoneSimulator.Build.0 = Release|Any CPU
		{624B10DC-8A94-486C-AF75-9516E9EE02C6}.Debug|iPhone.ActiveCfg = Debug|Any CPU
		{624B10DC-8A94-486C-AF75-9516E9EE02C6}.Debug|iPhone.Build.0 = Debug|Any CPU
		{624B10DC-8A94-486C-AF75-9516E9EE02C6}.Release|iPhone.ActiveCfg = Release|Any CPU
		{624B10DC-8A94-486C-AF75-9516E9EE02C6}.Release|iPhone.Build.0 = Release|Any CPU
		{624B10DC-8A94-486C-AF75-9516E9EE02C6}.Ad-Hoc|iPhone.ActiveCfg = Debug|Any CPU
		{624B10DC-8A94-486C-AF75-9516E9EE02C6}.Ad-Hoc|iPhone.Build.0 = Debug|Any CPU
		{624B10DC-8A94-486C-AF75-9516E9EE02C6}.AppStore|iPhone.ActiveCfg = Debug|Any CPU
		{624B10DC-8A94-486C-AF75-9516E9EE02C6}.AppStore|iPhone.Build.0 = Debug|Any CPU
		{6F79D495-FDC1-4328-89E5-6B07FF6B76A6}.Debug|Any CPU.ActiveCfg = Debug|iPhoneSimulator
		{6F79D495-FDC1-4328-89E5-6B07FF6B76A6}.Debug|Any CPU.Build.0 = Debug|iPhoneSimulator
		{6F79D495-FDC1-4328-89E5-6B07FF6B76A6}.Release|Any CPU.ActiveCfg = Release|iPhoneSimulator
		{6F79D495-FDC1-4328-89E5-6B07FF6B76A6}.Release|Any CPU.Build.0 = Release|iPhoneSimulator
		{6F79D495-FDC1-4328-89E5-6B07FF6B76A6}.Debug|iPhoneSimulator.ActiveCfg = Debug|iPhoneSimulator
		{6F79D495-FDC1-4328-89E5-6B07FF6B76A6}.Debug|iPhoneSimulator.Build.0 = Debug|iPhoneSimulator
		{6F79D495-FDC1-4328-89E5-6B07FF6B76A6}.Release|iPhoneSimulator.ActiveCfg = Release|iPhoneSimulator
		{6F79D495-FDC1-4328-89E5-6B07FF6B76A6}.Release|iPhoneSimulator.Build.0 = Release|iPhoneSimulator
		{6F79D495-FDC1-4328-89E5-6B07FF6B76A6}.Debug|iPhone.ActiveCfg = Debug|iPhone
		{6F79D495-FDC1-4328-89E5-6B07FF6B76A6}.Debug|iPhone.Build.0 = Debug|iPhone
		{6F79D495-FDC1-4328-89E5-6B07FF6B76A6}.Release|iPhone.ActiveCfg = Release|iPhone
		{6F79D495-FDC1-4328-89E5-6B07FF6B76A6}.Release|iPhone.Build.0 = Release|iPhone
		{6F79D495-FDC1-4328-89E5-6B07FF6B76A6}.Ad-Hoc|iPhone.ActiveCfg = Ad-Hoc|iPhone
		{6F79D495-FDC1-4328-89E5-6B07FF6B76A6}.Ad-Hoc|iPhone.Build.0 = Ad-Hoc|iPhone
		{6F79D495-FDC1-4328-89E5-6B07FF6B76A6}.AppStore|iPhone.ActiveCfg = AppStore|iPhone
		{6F79D495-FDC1-4328-89E5-6B07FF6B76A6}.AppStore|iPhone.Build.0 = AppStore|iPhone
		{EBFFF9DC-2B24-4E03-9049-9A36A339926C}.Debug|Any CPU.ActiveCfg = Debug|Any CPU
		{EBFFF9DC-2B24-4E03-9049-9A36A339926C}.Debug|Any CPU.Build.0 = Debug|Any CPU
		{EBFFF9DC-2B24-4E03-9049-9A36A339926C}.Release|Any CPU.ActiveCfg = Release|Any CPU
		{EBFFF9DC-2B24-4E03-9049-9A36A339926C}.Release|Any CPU.Build.0 = Release|Any CPU
		{EBFFF9DC-2B24-4E03-9049-9A36A339926C}.Debug|iPhoneSimulator.ActiveCfg = Debug|Any CPU
		{EBFFF9DC-2B24-4E03-9049-9A36A339926C}.Debug|iPhoneSimulator.Build.0 = Debug|Any CPU
		{EBFFF9DC-2B24-4E03-9049-9A36A339926C}.Release|iPhoneSimulator.ActiveCfg = Release|Any CPU
		{EBFFF9DC-2B24-4E03-9049-9A36A339926C}.Release|iPhoneSimulator.Build.0 = Release|Any CPU
		{EBFFF9DC-2B24-4E03-9049-9A36A339926C}.Debug|iPhone.ActiveCfg = Debug|Any CPU
		{EBFFF9DC-2B24-4E03-9049-9A36A339926C}.Debug|iPhone.Build.0 = Debug|Any CPU
		{EBFFF9DC-2B24-4E03-9049-9A36A339926C}.Release|iPhone.ActiveCfg = Release|Any CPU
		{EBFFF9DC-2B24-4E03-9049-9A36A339926C}.Release|iPhone.Build.0 = Release|Any CPU
		{EBFFF9DC-2B24-4E03-9049-9A36A339926C}.Ad-Hoc|iPhone.ActiveCfg = Debug|Any CPU
		{EBFFF9DC-2B24-4E03-9049-9A36A339926C}.Ad-Hoc|iPhone.Build.0 = Debug|Any CPU
		{EBFFF9DC-2B24-4E03-9049-9A36A339926C}.AppStore|iPhone.ActiveCfg = Debug|Any CPU
		{EBFFF9DC-2B24-4E03-9049-9A36A339926C}.AppStore|iPhone.Build.0 = Debug|Any CPU
	EndGlobalSection
	GlobalSection(MonoDevelopProperties) = preSolution
		Policies = $0
		$0.DotNetNamingPolicy = $1
		$1.DirectoryNamespaceAssociation = PrefixedHierarchical
		$0.TextStylePolicy = $2
		$2.inheritsSet = null
		$2.scope = text/x-csharp
		$0.CSharpFormattingPolicy = $3
		$3.scope = text/x-csharp
		$0.StandardHeader = $4
		$0.VersionControlPolicy = $5
	EndGlobalSection
EndGlobal
